// !$*UTF8*$!
{
	archiveVersion = 1;
	classes = {
	};
	objectVersion = 51;
	objects = {

/* Begin PBXBuildFile section */
		674CE951FB1736188ABDFD86 /* Pods_DriversPicking.framework in Frameworks */ = {isa = PBXBuildFile; fileRef = 3E295BE42642051806B0D103 /* Pods_DriversPicking.framework */; };
		706B93BA253F3DB400AC6938 /* MapViewModel.swift in Sources */ = {isa = PBXBuildFile; fileRef = 706B93B9253F3DB400AC6938 /* MapViewModel.swift */; };
		70AA69792548413700973B72 /* CLLocation2D+Ext.swift in Sources */ = {isa = PBXBuildFile; fileRef = 70AA69782548413700973B72 /* CLLocation2D+Ext.swift */; };
		70B6899F2548693E0022510F /* DriverModel.swift in Sources */ = {isa = PBXBuildFile; fileRef = 70B6899E2548693E0022510F /* DriverModel.swift */; };
		70B689CC254952930022510F /* DriverViewModel.swift in Sources */ = {isa = PBXBuildFile; fileRef = 70B689CB254952930022510F /* DriverViewModel.swift */; };
		70B689D0254954B40022510F /* AnnotationClass.swift in Sources */ = {isa = PBXBuildFile; fileRef = 70B689CF254954B40022510F /* AnnotationClass.swift */; };
		70BF3CFC253F375C00FD2789 /* AppDelegate.swift in Sources */ = {isa = PBXBuildFile; fileRef = 70BF3CFB253F375C00FD2789 /* AppDelegate.swift */; };
		70BF3CFE253F375C00FD2789 /* SceneDelegate.swift in Sources */ = {isa = PBXBuildFile; fileRef = 70BF3CFD253F375C00FD2789 /* SceneDelegate.swift */; };
		70BF3D00253F375C00FD2789 /* MapViewController.swift in Sources */ = {isa = PBXBuildFile; fileRef = 70BF3CFF253F375C00FD2789 /* MapViewController.swift */; };
		70BF3D05253F375D00FD2789 /* Assets.xcassets in Resources */ = {isa = PBXBuildFile; fileRef = 70BF3D04253F375D00FD2789 /* Assets.xcassets */; };
		70BF3D08253F375D00FD2789 /* LaunchScreen.storyboard in Resources */ = {isa = PBXBuildFile; fileRef = 70BF3D06253F375D00FD2789 /* LaunchScreen.storyboard */; };
		70BF3D1B253F389000FD2789 /* AppCoordinator.swift in Sources */ = {isa = PBXBuildFile; fileRef = 70BF3D1A253F389000FD2789 /* AppCoordinator.swift */; };
/* End PBXBuildFile section */

/* Begin PBXFileReference section */
		3E295BE42642051806B0D103 /* Pods_DriversPicking.framework */ = {isa = PBXFileReference; explicitFileType = wrapper.framework; includeInIndex = 0; path = Pods_DriversPicking.framework; sourceTree = BUILT_PRODUCTS_DIR; };
		69DBFC7B718C2891421E78F1 /* Pods-DriversPicking.debug.xcconfig */ = {isa = PBXFileReference; includeInIndex = 1; lastKnownFileType = text.xcconfig; name = "Pods-DriversPicking.debug.xcconfig"; path = "Target Support Files/Pods-DriversPicking/Pods-DriversPicking.debug.xcconfig"; sourceTree = "<group>"; };
		706B93B9253F3DB400AC6938 /* MapViewModel.swift */ = {isa = PBXFileReference; lastKnownFileType = sourcecode.swift; path = MapViewModel.swift; sourceTree = "<group>"; };
		70AA69782548413700973B72 /* CLLocation2D+Ext.swift */ = {isa = PBXFileReference; lastKnownFileType = sourcecode.swift; path = "CLLocation2D+Ext.swift"; sourceTree = "<group>"; };
		70B6899E2548693E0022510F /* DriverModel.swift */ = {isa = PBXFileReference; lastKnownFileType = sourcecode.swift; path = DriverModel.swift; sourceTree = "<group>"; };
		70B689CB254952930022510F /* DriverViewModel.swift */ = {isa = PBXFileReference; lastKnownFileType = sourcecode.swift; path = DriverViewModel.swift; sourceTree = "<group>"; };
		70B689CF254954B40022510F /* AnnotationClass.swift */ = {isa = PBXFileReference; lastKnownFileType = sourcecode.swift; path = AnnotationClass.swift; sourceTree = "<group>"; };
		70BF3CF8253F375C00FD2789 /* DriversPicking.app */ = {isa = PBXFileReference; explicitFileType = wrapper.application; includeInIndex = 0; path = DriversPicking.app; sourceTree = BUILT_PRODUCTS_DIR; };
		70BF3CFB253F375C00FD2789 /* AppDelegate.swift */ = {isa = PBXFileReference; lastKnownFileType = sourcecode.swift; path = AppDelegate.swift; sourceTree = "<group>"; };
		70BF3CFD253F375C00FD2789 /* SceneDelegate.swift */ = {isa = PBXFileReference; lastKnownFileType = sourcecode.swift; path = SceneDelegate.swift; sourceTree = "<group>"; };
		70BF3CFF253F375C00FD2789 /* MapViewController.swift */ = {isa = PBXFileReference; lastKnownFileType = sourcecode.swift; path = MapViewController.swift; sourceTree = "<group>"; };
		70BF3D04253F375D00FD2789 /* Assets.xcassets */ = {isa = PBXFileReference; lastKnownFileType = folder.assetcatalog; path = Assets.xcassets; sourceTree = "<group>"; };
		70BF3D07253F375D00FD2789 /* Base */ = {isa = PBXFileReference; lastKnownFileType = file.storyboard; name = Base; path = Base.lproj/LaunchScreen.storyboard; sourceTree = "<group>"; };
		70BF3D09253F375D00FD2789 /* Info.plist */ = {isa = PBXFileReference; lastKnownFileType = text.plist.xml; path = Info.plist; sourceTree = "<group>"; };
		70BF3D1A253F389000FD2789 /* AppCoordinator.swift */ = {isa = PBXFileReference; lastKnownFileType = sourcecode.swift; path = AppCoordinator.swift; sourceTree = "<group>"; };
		7B4150E1A95ABFBA4C4E587B /* Pods-DriversPicking.release.xcconfig */ = {isa = PBXFileReference; includeInIndex = 1; lastKnownFileType = text.xcconfig; name = "Pods-DriversPicking.release.xcconfig"; path = "Target Support Files/Pods-DriversPicking/Pods-DriversPicking.release.xcconfig"; sourceTree = "<group>"; };
/* End PBXFileReference section */

/* Begin PBXFrameworksBuildPhase section */
		70BF3CF5253F375C00FD2789 /* Frameworks */ = {
			isa = PBXFrameworksBuildPhase;
			buildActionMask = 2147483647;
			files = (
				674CE951FB1736188ABDFD86 /* Pods_DriversPicking.framework in Frameworks */,
			);
			runOnlyForDeploymentPostprocessing = 0;
		};
/* End PBXFrameworksBuildPhase section */

/* Begin PBXGroup section */
		706B93B8253F3DA200AC6938 /* ViewModels */ = {
			isa = PBXGroup;
			children = (
				706B93B9253F3DB400AC6938 /* MapViewModel.swift */,
				70B689CB254952930022510F /* DriverViewModel.swift */,
			);
			path = ViewModels;
			sourceTree = "<group>";
		};
		70AA69772548412400973B72 /* Extensions */ = {
			isa = PBXGroup;
			children = (
				70AA69782548413700973B72 /* CLLocation2D+Ext.swift */,
			);
			path = Extensions;
			sourceTree = "<group>";
		};
		70B6899D254869340022510F /* Models */ = {
			isa = PBXGroup;
			children = (
				70B6899E2548693E0022510F /* DriverModel.swift */,
			);
			path = Models;
			sourceTree = "<group>";
		};
		70B689CE254954A80022510F /* Utils */ = {
			isa = PBXGroup;
			children = (
				70B689CF254954B40022510F /* AnnotationClass.swift */,
			);
			path = Utils;
			sourceTree = "<group>";
		};
		70BF3CEF253F375C00FD2789 = {
			isa = PBXGroup;
			children = (
				70BF3CFA253F375C00FD2789 /* DriversPicking */,
				70BF3CF9253F375C00FD2789 /* Products */,
				CBF7DFBD22B522BB0954318A /* Pods */,
				AA709CF01FE42F00F3ABA437 /* Frameworks */,
			);
			sourceTree = "<group>";
		};
		70BF3CF9253F375C00FD2789 /* Products */ = {
			isa = PBXGroup;
			children = (
				70BF3CF8253F375C00FD2789 /* DriversPicking.app */,
			);
			name = Products;
			sourceTree = "<group>";
		};
		70BF3CFA253F375C00FD2789 /* DriversPicking */ = {
			isa = PBXGroup;
			children = (
				70B689CE254954A80022510F /* Utils */,
				70B6899D254869340022510F /* Models */,
				70AA69772548412400973B72 /* Extensions */,
				706B93B8253F3DA200AC6938 /* ViewModels */,
				70BF3D17253F383D00FD2789 /* Views */,
				70BF3D11253F377300FD2789 /* Coordinators */,
				70BF3D10253F376400FD2789 /* Support */,
				70BF3D06253F375D00FD2789 /* LaunchScreen.storyboard */,
				70BF3D09253F375D00FD2789 /* Info.plist */,
			);
			path = DriversPicking;
			sourceTree = "<group>";
		};
		70BF3D10253F376400FD2789 /* Support */ = {
			isa = PBXGroup;
			children = (
				70BF3D04253F375D00FD2789 /* Assets.xcassets */,
				70BF3CFB253F375C00FD2789 /* AppDelegate.swift */,
				70BF3CFD253F375C00FD2789 /* SceneDelegate.swift */,
			);
			path = Support;
			sourceTree = "<group>";
		};
		70BF3D11253F377300FD2789 /* Coordinators */ = {
			isa = PBXGroup;
			children = (
				70BF3D1A253F389000FD2789 /* AppCoordinator.swift */,
			);
			path = Coordinators;
			sourceTree = "<group>";
		};
		70BF3D17253F383D00FD2789 /* Views */ = {
			isa = PBXGroup;
			children = (
				70BF3CFF253F375C00FD2789 /* MapViewController.swift */,
			);
			path = Views;
			sourceTree = "<group>";
		};
		AA709CF01FE42F00F3ABA437 /* Frameworks */ = {
			isa = PBXGroup;
			children = (
				3E295BE42642051806B0D103 /* Pods_DriversPicking.framework */,
			);
			name = Frameworks;
			sourceTree = "<group>";
		};
		CBF7DFBD22B522BB0954318A /* Pods */ = {
			isa = PBXGroup;
			children = (
				69DBFC7B718C2891421E78F1 /* Pods-DriversPicking.debug.xcconfig */,
				7B4150E1A95ABFBA4C4E587B /* Pods-DriversPicking.release.xcconfig */,
			);
			path = Pods;
			sourceTree = "<group>";
		};
/* End PBXGroup section */

/* Begin PBXNativeTarget section */
		70BF3CF7253F375C00FD2789 /* DriversPicking */ = {
			isa = PBXNativeTarget;
			buildConfigurationList = 70BF3D0C253F375D00FD2789 /* Build configuration list for PBXNativeTarget "DriversPicking" */;
			buildPhases = (
				EABA609ED9BD3997C74A0C38 /* [CP] Check Pods Manifest.lock */,
				70BF3CF4253F375C00FD2789 /* Sources */,
				70BF3CF5253F375C00FD2789 /* Frameworks */,
				70BF3CF6253F375C00FD2789 /* Resources */,
				CEE5E6AFF499B641E8E2B9AA /* [CP] Embed Pods Frameworks */,
			);
			buildRules = (
			);
			dependencies = (
			);
			name = DriversPicking;
			productName = DriversPicking;
			productReference = 70BF3CF8253F375C00FD2789 /* DriversPicking.app */;
			productType = "com.apple.product-type.application";
		};
/* End PBXNativeTarget section */

/* Begin PBXProject section */
		70BF3CF0253F375C00FD2789 /* Project object */ = {
			isa = PBXProject;
			attributes = {
				LastSwiftUpdateCheck = 1200;
				LastUpgradeCheck = 1200;
				TargetAttributes = {
					70BF3CF7253F375C00FD2789 = {
						CreatedOnToolsVersion = 12.0.1;
					};
				};
			};
			buildConfigurationList = 70BF3CF3253F375C00FD2789 /* Build configuration list for PBXProject "DriversPicking" */;
			compatibilityVersion = "Xcode 9.3";
			developmentRegion = en;
			hasScannedForEncodings = 0;
			knownRegions = (
				en,
				Base,
			);
			mainGroup = 70BF3CEF253F375C00FD2789;
			productRefGroup = 70BF3CF9253F375C00FD2789 /* Products */;
			projectDirPath = "";
			projectRoot = "";
			targets = (
				70BF3CF7253F375C00FD2789 /* DriversPicking */,
			);
		};
/* End PBXProject section */

/* Begin PBXResourcesBuildPhase section */
		70BF3CF6253F375C00FD2789 /* Resources */ = {
			isa = PBXResourcesBuildPhase;
			buildActionMask = 2147483647;
			files = (
				70BF3D08253F375D00FD2789 /* LaunchScreen.storyboard in Resources */,
				70BF3D05253F375D00FD2789 /* Assets.xcassets in Resources */,
			);
			runOnlyForDeploymentPostprocessing = 0;
		};
/* End PBXResourcesBuildPhase section */

/* Begin PBXShellScriptBuildPhase section */
		CEE5E6AFF499B641E8E2B9AA /* [CP] Embed Pods Frameworks */ = {
			isa = PBXShellScriptBuildPhase;
			buildActionMask = 2147483647;
			files = (
			);
			inputFileListPaths = (
				"${PODS_ROOT}/Target Support Files/Pods-DriversPicking/Pods-DriversPicking-frameworks-${CONFIGURATION}-input-files.xcfilelist",
			);
			name = "[CP] Embed Pods Frameworks";
			outputFileListPaths = (
				"${PODS_ROOT}/Target Support Files/Pods-DriversPicking/Pods-DriversPicking-frameworks-${CONFIGURATION}-output-files.xcfilelist",
			);
			runOnlyForDeploymentPostprocessing = 0;
			shellPath = /bin/sh;
			shellScript = "\"${PODS_ROOT}/Target Support Files/Pods-DriversPicking/Pods-DriversPicking-frameworks.sh\"\n";
			showEnvVarsInLog = 0;
		};
		EABA609ED9BD3997C74A0C38 /* [CP] Check Pods Manifest.lock */ = {
			isa = PBXShellScriptBuildPhase;
			buildActionMask = 2147483647;
			files = (
			);
			inputFileListPaths = (
			);
			inputPaths = (
				"${PODS_PODFILE_DIR_PATH}/Podfile.lock",
				"${PODS_ROOT}/Manifest.lock",
			);
			name = "[CP] Check Pods Manifest.lock";
			outputFileListPaths = (
			);
			outputPaths = (
				"$(DERIVED_FILE_DIR)/Pods-DriversPicking-checkManifestLockResult.txt",
			);
			runOnlyForDeploymentPostprocessing = 0;
			shellPath = /bin/sh;
			shellScript = "diff \"${PODS_PODFILE_DIR_PATH}/Podfile.lock\" \"${PODS_ROOT}/Manifest.lock\" > /dev/null\nif [ $? != 0 ] ; then\n    # print error to STDERR\n    echo \"error: The sandbox is not in sync with the Podfile.lock. Run 'pod install' or update your CocoaPods installation.\" >&2\n    exit 1\nfi\n# This output is used by Xcode 'outputs' to avoid re-running this script phase.\necho \"SUCCESS\" > \"${SCRIPT_OUTPUT_FILE_0}\"\n";
			showEnvVarsInLog = 0;
		};
/* End PBXShellScriptBuildPhase section */

/* Begin PBXSourcesBuildPhase section */
		70BF3CF4253F375C00FD2789 /* Sources */ = {
			isa = PBXSourcesBuildPhase;
			buildActionMask = 2147483647;
			files = (
				70B689CC254952930022510F /* DriverViewModel.swift in Sources */,
				70B689D0254954B40022510F /* AnnotationClass.swift in Sources */,
				70BF3D1B253F389000FD2789 /* AppCoordinator.swift in Sources */,
				706B93BA253F3DB400AC6938 /* MapViewModel.swift in Sources */,
				70BF3D00253F375C00FD2789 /* MapViewController.swift in Sources */,
				70B6899F2548693E0022510F /* DriverModel.swift in Sources */,
				70AA69792548413700973B72 /* CLLocation2D+Ext.swift in Sources */,
				70BF3CFC253F375C00FD2789 /* AppDelegate.swift in Sources */,
				70BF3CFE253F375C00FD2789 /* SceneDelegate.swift in Sources */,
			);
			runOnlyForDeploymentPostprocessing = 0;
		};
/* End PBXSourcesBuildPhase section */

/* Begin PBXVariantGroup section */
		70BF3D06253F375D00FD2789 /* LaunchScreen.storyboard */ = {
			isa = PBXVariantGroup;
			children = (
				70BF3D07253F375D00FD2789 /* Base */,
			);
			name = LaunchScreen.storyboard;
			sourceTree = "<group>";
		};
/* End PBXVariantGroup section */

/* Begin XCBuildConfiguration section */
		70BF3D0A253F375D00FD2789 /* Debug */ = {
			isa = XCBuildConfiguration;
			buildSettings = {
				ALWAYS_SEARCH_USER_PATHS = NO;
				CLANG_ANALYZER_NONNULL = YES;
				CLANG_ANALYZER_NUMBER_OBJECT_CONVERSION = YES_AGGRESSIVE;
				CLANG_CXX_LANGUAGE_STANDARD = "gnu++14";
				CLANG_CXX_LIBRARY = "libc++";
				CLANG_ENABLE_MODULES = YES;
				CLANG_ENABLE_OBJC_ARC = YES;
				CLANG_ENABLE_OBJC_WEAK = YES;
				CLANG_WARN_BLOCK_CAPTURE_AUTORELEASING = YES;
				CLANG_WARN_BOOL_CONVERSION = YES;
				CLANG_WARN_COMMA = YES;
				CLANG_WARN_CONSTANT_CONVERSION = YES;
				CLANG_WARN_DEPRECATED_OBJC_IMPLEMENTATIONS = YES;
				CLANG_WARN_DIRECT_OBJC_ISA_USAGE = YES_ERROR;
				CLANG_WARN_DOCUMENTATION_COMMENTS = YES;
				CLANG_WARN_EMPTY_BODY = YES;
				CLANG_WARN_ENUM_CONVERSION = YES;
				CLANG_WARN_INFINITE_RECURSION = YES;
				CLANG_WARN_INT_CONVERSION = YES;
				CLANG_WARN_NON_LITERAL_NULL_CONVERSION = YES;
				CLANG_WARN_OBJC_IMPLICIT_RETAIN_SELF = YES;
				CLANG_WARN_OBJC_LITERAL_CONVERSION = YES;
				CLANG_WARN_OBJC_ROOT_CLASS = YES_ERROR;
				CLANG_WARN_QUOTED_INCLUDE_IN_FRAMEWORK_HEADER = YES;
				CLANG_WARN_RANGE_LOOP_ANALYSIS = YES;
				CLANG_WARN_STRICT_PROTOTYPES = YES;
				CLANG_WARN_SUSPICIOUS_MOVE = YES;
				CLANG_WARN_UNGUARDED_AVAILABILITY = YES_AGGRESSIVE;
				CLANG_WARN_UNREACHABLE_CODE = YES;
				CLANG_WARN__DUPLICATE_METHOD_MATCH = YES;
				COPY_PHASE_STRIP = NO;
				DEBUG_INFORMATION_FORMAT = dwarf;
				ENABLE_STRICT_OBJC_MSGSEND = YES;
				ENABLE_TESTABILITY = YES;
				GCC_C_LANGUAGE_STANDARD = gnu11;
				GCC_DYNAMIC_NO_PIC = NO;
				GCC_NO_COMMON_BLOCKS = YES;
				GCC_OPTIMIZATION_LEVEL = 0;
				GCC_PREPROCESSOR_DEFINITIONS = (
					"DEBUG=1",
					"$(inherited)",
				);
				GCC_WARN_64_TO_32_BIT_CONVERSION = YES;
				GCC_WARN_ABOUT_RETURN_TYPE = YES_ERROR;
				GCC_WARN_UNDECLARED_SELECTOR = YES;
				GCC_WARN_UNINITIALIZED_AUTOS = YES_AGGRESSIVE;
				GCC_WARN_UNUSED_FUNCTION = YES;
				GCC_WARN_UNUSED_VARIABLE = YES;
				IPHONEOS_DEPLOYMENT_TARGET = 14.0;
				MTL_ENABLE_DEBUG_INFO = INCLUDE_SOURCE;
				MTL_FAST_MATH = YES;
				ONLY_ACTIVE_ARCH = YES;
				SDKROOT = iphoneos;
				SWIFT_ACTIVE_COMPILATION_CONDITIONS = DEBUG;
				SWIFT_OPTIMIZATION_LEVEL = "-Onone";
			};
			name = Debug;
		};
		70BF3D0B253F375D00FD2789 /* Release */ = {
			isa = XCBuildConfiguration;
			buildSettings = {
				ALWAYS_SEARCH_USER_PATHS = NO;
				CLANG_ANALYZER_NONNULL = YES;
				CLANG_ANALYZER_NUMBER_OBJECT_CONVERSION = YES_AGGRESSIVE;
				CLANG_CXX_LANGUAGE_STANDARD = "gnu++14";
				CLANG_CXX_LIBRARY = "libc++";
				CLANG_ENABLE_MODULES = YES;
				CLANG_ENABLE_OBJC_ARC = YES;
				CLANG_ENABLE_OBJC_WEAK = YES;
				CLANG_WARN_BLOCK_CAPTURE_AUTORELEASING = YES;
				CLANG_WARN_BOOL_CONVERSION = YES;
				CLANG_WARN_COMMA = YES;
				CLANG_WARN_CONSTANT_CONVERSION = YES;
				CLANG_WARN_DEPRECATED_OBJC_IMPLEMENTATIONS = YES;
				CLANG_WARN_DIRECT_OBJC_ISA_USAGE = YES_ERROR;
				CLANG_WARN_DOCUMENTATION_COMMENTS = YES;
				CLANG_WARN_EMPTY_BODY = YES;
				CLANG_WARN_ENUM_CONVERSION = YES;
				CLANG_WARN_INFINITE_RECURSION = YES;
				CLANG_WARN_INT_CONVERSION = YES;
				CLANG_WARN_NON_LITERAL_NULL_CONVERSION = YES;
				CLANG_WARN_OBJC_IMPLICIT_RETAIN_SELF = YES;
				CLANG_WARN_OBJC_LITERAL_CONVERSION = YES;
				CLANG_WARN_OBJC_ROOT_CLASS = YES_ERROR;
				CLANG_WARN_QUOTED_INCLUDE_IN_FRAMEWORK_HEADER = YES;
				CLANG_WARN_RANGE_LOOP_ANALYSIS = YES;
				CLANG_WARN_STRICT_PROTOTYPES = YES;
				CLANG_WARN_SUSPICIOUS_MOVE = YES;
				CLANG_WARN_UNGUARDED_AVAILABILITY = YES_AGGRESSIVE;
				CLANG_WARN_UNREACHABLE_CODE = YES;
				CLANG_WARN__DUPLICATE_METHOD_MATCH = YES;
				COPY_PHASE_STRIP = NO;
				DEBUG_INFORMATION_FORMAT = "dwarf-with-dsym";
				ENABLE_NS_ASSERTIONS = NO;
				ENABLE_STRICT_OBJC_MSGSEND = YES;
				GCC_C_LANGUAGE_STANDARD = gnu11;
				GCC_NO_COMMON_BLOCKS = YES;
				GCC_WARN_64_TO_32_BIT_CONVERSION = YES;
				GCC_WARN_ABOUT_RETURN_TYPE = YES_ERROR;
				GCC_WARN_UNDECLARED_SELECTOR = YES;
				GCC_WARN_UNINITIALIZED_AUTOS = YES_AGGRESSIVE;
				GCC_WARN_UNUSED_FUNCTION = YES;
				GCC_WARN_UNUSED_VARIABLE = YES;
				IPHONEOS_DEPLOYMENT_TARGET = 14.0;
				MTL_ENABLE_DEBUG_INFO = NO;
				MTL_FAST_MATH = YES;
				SDKROOT = iphoneos;
				SWIFT_COMPILATION_MODE = wholemodule;
				SWIFT_OPTIMIZATION_LEVEL = "-O";
				VALIDATE_PRODUCT = YES;
			};
			name = Release;
		};
		70BF3D0D253F375D00FD2789 /* Debug */ = {
			isa = XCBuildConfiguration;
			baseConfigurationReference = 69DBFC7B718C2891421E78F1 /* Pods-DriversPicking.debug.xcconfig */;
			buildSettings = {
				ASSETCATALOG_COMPILER_APPICON_NAME = AppIcon;
				ASSETCATALOG_COMPILER_GLOBAL_ACCENT_COLOR_NAME = AccentColor;
				CODE_SIGN_STYLE = Automatic;
				DEVELOPMENT_TEAM = U5QL3W6RAW;
				INFOPLIST_FILE = DriversPicking/Info.plist;
				LD_RUNPATH_SEARCH_PATHS = (
					"$(inherited)",
					"@executable_path/Frameworks",
				);
				PRODUCT_BUNDLE_IDENTIFIER = org.miguelteixeira.DriversPicking;
				PRODUCT_NAME = "$(TARGET_NAME)";
				SWIFT_VERSION = 5.0;
				TARGETED_DEVICE_FAMILY = "1,2";
			};
			name = Debug;
		};
		70BF3D0E253F375D00FD2789 /* Release */ = {
			isa = XCBuildConfiguration;
			baseConfigurationReference = 7B4150E1A95ABFBA4C4E587B /* Pods-DriversPicking.release.xcconfig */;
			buildSettings = {
				ASSETCATALOG_COMPILER_APPICON_NAME = AppIcon;
				ASSETCATALOG_COMPILER_GLOBAL_ACCENT_COLOR_NAME = AccentColor;
				CODE_SIGN_STYLE = Automatic;
				DEVELOPMENT_TEAM = U5QL3W6RAW;
				INFOPLIST_FILE = DriversPicking/Info.plist;
				LD_RUNPATH_SEARCH_PATHS = (
					"$(inherited)",
					"@executable_path/Frameworks",
				);
				PRODUCT_BUNDLE_IDENTIFIER = org.miguelteixeira.DriversPicking;
				PRODUCT_NAME = "$(TARGET_NAME)";
				SWIFT_VERSION = 5.0;
				TARGETED_DEVICE_FAMILY = "1,2";
			};
			name = Release;
		};
/* End XCBuildConfiguration section */

/* Begin XCConfigurationList section */
		70BF3CF3253F375C00FD2789 /* Build configuration list for PBXProject "DriversPicking" */ = {
			isa = XCConfigurationList;
			buildConfigurations = (
				70BF3D0A253F375D00FD2789 /* Debug */,
				70BF3D0B253F375D00FD2789 /* Release */,
			);
			defaultConfigurationIsVisible = 0;
			defaultConfigurationName = Release;
		};
		70BF3D0C253F375D00FD2789 /* Build configuration list for PBXNativeTarget "DriversPicking" */ = {
			isa = XCConfigurationList;
			buildConfigurations = (
				70BF3D0D253F375D00FD2789 /* Debug */,
				70BF3D0E253F375D00FD2789 /* Release */,
			);
			defaultConfigurationIsVisible = 0;
			defaultConfigurationName = Release;
		};
/* End XCConfigurationList section */
	};
	rootObject = 70BF3CF0253F375C00FD2789 /* Project object */;
}
